github.com/tanema/mal v0.0.0-20190403185630-d78d93938b7a h1:MnwKWKar9WIP19At9UT0vzAklmvWmyTVw0rZYvY9Uv8=
github.com/tanema/mal v0.0.0-20190409001109-c52de8195c8a h1:UZIjS7uy+NokK8OfQApb38GMtluRBMMQlcPy1UVs8AY=
github.com/tanema/mal/wotlisp v0.0.0-20190414230528-e8352ea3a952 h1:vFU7qG0+WMkKPXHcKoXEigaeH//LQ1/6aJxDmXqmpwE=
github.com/tanema/mal/wotlisp v0.0.0-20190414230528-e8352ea3a952/go.mod h1:GJrAgWaA6nR7pMTla2sv6oifs/EVZPtugBPhXuKCm3M=
